// !$*UTF8*$!
{
	archiveVersion = 1;
	classes = {
	};
	objectVersion = 56;
	objects = {

/* Begin PBXBuildFile section */
		5E37E0A42C67C3F00069554F /* SaveWalkFormView.swift in Sources */ = {isa = PBXBuildFile; fileRef = 5E37E0A32C67C3F00069554F /* SaveWalkFormView.swift */; };
		5E5A0A242C61131800DC642C /* MainScreenView.swift in Sources */ = {isa = PBXBuildFile; fileRef = 5E5A0A232C61131800DC642C /* MainScreenView.swift */; };
		5E5A0A282C6115FF00DC642C /* LocationManager.swift in Sources */ = {isa = PBXBuildFile; fileRef = 5E5A0A272C6115FF00DC642C /* LocationManager.swift */; };
		5E5A0A2A2C61281600DC642C /* ControlPanelView.swift in Sources */ = {isa = PBXBuildFile; fileRef = 5E5A0A292C61281600DC642C /* ControlPanelView.swift */; };
		5E5A0A2C2C612E4D00DC642C /* SettingsView.swift in Sources */ = {isa = PBXBuildFile; fileRef = 5E5A0A2B2C612E4D00DC642C /* SettingsView.swift */; };
		5E7932292C661FD2006E90B5 /* SaveWalkView.swift in Sources */ = {isa = PBXBuildFile; fileRef = 5E7932282C661FD2006E90B5 /* SaveWalkView.swift */; };
		5E79322B2C6627FF006E90B5 /* WalkModel.swift in Sources */ = {isa = PBXBuildFile; fileRef = 5E79322A2C6627FF006E90B5 /* WalkModel.swift */; };
		5EE584AB2C6112B400606C93 /* My_WalksApp.swift in Sources */ = {isa = PBXBuildFile; fileRef = 5EE584AA2C6112B400606C93 /* My_WalksApp.swift */; };
		5EE584B12C6112B600606C93 /* Assets.xcassets in Resources */ = {isa = PBXBuildFile; fileRef = 5EE584B02C6112B600606C93 /* Assets.xcassets */; };
		5EE584B42C6112B600606C93 /* Preview Assets.xcassets in Resources */ = {isa = PBXBuildFile; fileRef = 5EE584B32C6112B600606C93 /* Preview Assets.xcassets */; };
		5EEBEB872C679928005DAA73 /* WalkRowView.swift in Sources */ = {isa = PBXBuildFile; fileRef = 5EEBEB862C679928005DAA73 /* WalkRowView.swift */; };
		5EEBEB892C67A16E005DAA73 /* WalkListView.swift in Sources */ = {isa = PBXBuildFile; fileRef = 5EEBEB882C67A16E005DAA73 /* WalkListView.swift */; };
		5EEBEB8B2C67A31A005DAA73 /* WalkDetailsView.swift in Sources */ = {isa = PBXBuildFile; fileRef = 5EEBEB8A2C67A31A005DAA73 /* WalkDetailsView.swift */; };
		5EECC2542C6247740012A42F /* MapView.swift in Sources */ = {isa = PBXBuildFile; fileRef = 5EECC2532C6247740012A42F /* MapView.swift */; };
/* End PBXBuildFile section */

/* Begin PBXFileReference section */
		5E37E0A32C67C3F00069554F /* SaveWalkFormView.swift */ = {isa = PBXFileReference; lastKnownFileType = sourcecode.swift; path = SaveWalkFormView.swift; sourceTree = "<group>"; };
		5E5A0A232C61131800DC642C /* MainScreenView.swift */ = {isa = PBXFileReference; lastKnownFileType = sourcecode.swift; path = MainScreenView.swift; sourceTree = "<group>"; };
		5E5A0A252C6114AD00DC642C /* My-Walks-Info.plist */ = {isa = PBXFileReference; lastKnownFileType = text.plist; path = "My-Walks-Info.plist"; sourceTree = SOURCE_ROOT; };
		5E5A0A272C6115FF00DC642C /* LocationManager.swift */ = {isa = PBXFileReference; lastKnownFileType = sourcecode.swift; path = LocationManager.swift; sourceTree = "<group>"; };
		5E5A0A292C61281600DC642C /* ControlPanelView.swift */ = {isa = PBXFileReference; lastKnownFileType = sourcecode.swift; path = ControlPanelView.swift; sourceTree = "<group>"; };
		5E5A0A2B2C612E4D00DC642C /* SettingsView.swift */ = {isa = PBXFileReference; lastKnownFileType = sourcecode.swift; path = SettingsView.swift; sourceTree = "<group>"; };
		5E7932282C661FD2006E90B5 /* SaveWalkView.swift */ = {isa = PBXFileReference; lastKnownFileType = sourcecode.swift; path = SaveWalkView.swift; sourceTree = "<group>"; };
		5E79322A2C6627FF006E90B5 /* WalkModel.swift */ = {isa = PBXFileReference; lastKnownFileType = sourcecode.swift; path = WalkModel.swift; sourceTree = "<group>"; };
		5EE584A72C6112B400606C93 /* My Walks.app */ = {isa = PBXFileReference; explicitFileType = wrapper.application; includeInIndex = 0; path = "My Walks.app"; sourceTree = BUILT_PRODUCTS_DIR; };
		5EE584AA2C6112B400606C93 /* My_WalksApp.swift */ = {isa = PBXFileReference; lastKnownFileType = sourcecode.swift; path = My_WalksApp.swift; sourceTree = "<group>"; };
		5EE584B02C6112B600606C93 /* Assets.xcassets */ = {isa = PBXFileReference; lastKnownFileType = folder.assetcatalog; path = Assets.xcassets; sourceTree = "<group>"; };
		5EE584B32C6112B600606C93 /* Preview Assets.xcassets */ = {isa = PBXFileReference; lastKnownFileType = folder.assetcatalog; path = "Preview Assets.xcassets"; sourceTree = "<group>"; };
		5EEBEB862C679928005DAA73 /* WalkRowView.swift */ = {isa = PBXFileReference; lastKnownFileType = sourcecode.swift; path = WalkRowView.swift; sourceTree = "<group>"; };
		5EEBEB882C67A16E005DAA73 /* WalkListView.swift */ = {isa = PBXFileReference; lastKnownFileType = sourcecode.swift; path = WalkListView.swift; sourceTree = "<group>"; };
		5EEBEB8A2C67A31A005DAA73 /* WalkDetailsView.swift */ = {isa = PBXFileReference; lastKnownFileType = sourcecode.swift; path = WalkDetailsView.swift; sourceTree = "<group>"; };
		5EECC2532C6247740012A42F /* MapView.swift */ = {isa = PBXFileReference; lastKnownFileType = sourcecode.swift; path = MapView.swift; sourceTree = "<group>"; };
/* End PBXFileReference section */

/* Begin PBXFrameworksBuildPhase section */
		5EE584A42C6112B400606C93 /* Frameworks */ = {
			isa = PBXFrameworksBuildPhase;
			buildActionMask = 2147483647;
			files = (
			);
			runOnlyForDeploymentPostprocessing = 0;
		};
/* End PBXFrameworksBuildPhase section */

/* Begin PBXGroup section */
		5E5A0A222C6112FD00DC642C /* Views */ = {
			isa = PBXGroup;
			children = (
				5EEBEB852C6798F6005DAA73 /* WalkViews */,
				5E5A0A232C61131800DC642C /* MainScreenView.swift */,
				5E5A0A292C61281600DC642C /* ControlPanelView.swift */,
				5E5A0A2B2C612E4D00DC642C /* SettingsView.swift */,
				5E7932282C661FD2006E90B5 /* SaveWalkView.swift */,
			);
			path = Views;
			sourceTree = "<group>";
		};
		5E5A0A262C61158D00DC642C /* Assets */ = {
			isa = PBXGroup;
			children = (
				5E5A0A272C6115FF00DC642C /* LocationManager.swift */,
				5EECC2532C6247740012A42F /* MapView.swift */,
			);
			path = Assets;
			sourceTree = "<group>";
		};
		5EE5849E2C6112B400606C93 = {
			isa = PBXGroup;
			children = (
				5EE584A92C6112B400606C93 /* My Walks */,
				5EE584A82C6112B400606C93 /* Products */,
			);
			sourceTree = "<group>";
		};
		5EE584A82C6112B400606C93 /* Products */ = {
			isa = PBXGroup;
			children = (
				5EE584A72C6112B400606C93 /* My Walks.app */,
			);
			name = Products;
			sourceTree = "<group>";
		};
		5EE584A92C6112B400606C93 /* My Walks */ = {
			isa = PBXGroup;
			children = (
				5EECC24E2C623A2B0012A42F /* Models */,
				5E5A0A262C61158D00DC642C /* Assets */,
				5E5A0A222C6112FD00DC642C /* Views */,
				5EE584AA2C6112B400606C93 /* My_WalksApp.swift */,
				5EE584B02C6112B600606C93 /* Assets.xcassets */,
				5E5A0A252C6114AD00DC642C /* My-Walks-Info.plist */,
				5EE584B22C6112B600606C93 /* Preview Content */,
			);
			path = "My Walks";
			sourceTree = "<group>";
		};
		5EE584B22C6112B600606C93 /* Preview Content */ = {
			isa = PBXGroup;
			children = (
				5EE584B32C6112B600606C93 /* Preview Assets.xcassets */,
			);
			path = "Preview Content";
			sourceTree = "<group>";
		};
		5EEBEB852C6798F6005DAA73 /* WalkViews */ = {
			isa = PBXGroup;
			children = (
				5EEBEB862C679928005DAA73 /* WalkRowView.swift */,
				5EEBEB882C67A16E005DAA73 /* WalkListView.swift */,
				5EEBEB8A2C67A31A005DAA73 /* WalkDetailsView.swift */,
				5E37E0A32C67C3F00069554F /* SaveWalkFormView.swift */,
			);
			path = WalkViews;
			sourceTree = "<group>";
		};
		5EECC24E2C623A2B0012A42F /* Models */ = {
			isa = PBXGroup;
			children = (
				5E79322A2C6627FF006E90B5 /* WalkModel.swift */,
			);
			path = Models;
			sourceTree = "<group>";
		};
/* End PBXGroup section */

/* Begin PBXNativeTarget section */
		5EE584A62C6112B400606C93 /* My Walks */ = {
			isa = PBXNativeTarget;
			buildConfigurationList = 5EE584B72C6112B600606C93 /* Build configuration list for PBXNativeTarget "My Walks" */;
			buildPhases = (
				5EE584A32C6112B400606C93 /* Sources */,
				5EE584A42C6112B400606C93 /* Frameworks */,
				5EE584A52C6112B400606C93 /* Resources */,
			);
			buildRules = (
			);
			dependencies = (
			);
			name = "My Walks";
			productName = "My Walks";
			productReference = 5EE584A72C6112B400606C93 /* My Walks.app */;
			productType = "com.apple.product-type.application";
		};
/* End PBXNativeTarget section */

/* Begin PBXProject section */
		5EE5849F2C6112B400606C93 /* Project object */ = {
			isa = PBXProject;
			attributes = {
				BuildIndependentTargetsInParallel = 1;
				LastSwiftUpdateCheck = 1540;
				LastUpgradeCheck = 1540;
				TargetAttributes = {
					5EE584A62C6112B400606C93 = {
						CreatedOnToolsVersion = 15.4;
					};
				};
			};
			buildConfigurationList = 5EE584A22C6112B400606C93 /* Build configuration list for PBXProject "My Walks" */;
			compatibilityVersion = "Xcode 14.0";
			developmentRegion = en;
			hasScannedForEncodings = 0;
			knownRegions = (
				en,
				Base,
			);
			mainGroup = 5EE5849E2C6112B400606C93;
			productRefGroup = 5EE584A82C6112B400606C93 /* Products */;
			projectDirPath = "";
			projectRoot = "";
			targets = (
				5EE584A62C6112B400606C93 /* My Walks */,
			);
		};
/* End PBXProject section */

/* Begin PBXResourcesBuildPhase section */
		5EE584A52C6112B400606C93 /* Resources */ = {
			isa = PBXResourcesBuildPhase;
			buildActionMask = 2147483647;
			files = (
				5EE584B42C6112B600606C93 /* Preview Assets.xcassets in Resources */,
				5EE584B12C6112B600606C93 /* Assets.xcassets in Resources */,
			);
			runOnlyForDeploymentPostprocessing = 0;
		};
/* End PBXResourcesBuildPhase section */

/* Begin PBXSourcesBuildPhase section */
		5EE584A32C6112B400606C93 /* Sources */ = {
			isa = PBXSourcesBuildPhase;
			buildActionMask = 2147483647;
			files = (
				5EECC2542C6247740012A42F /* MapView.swift in Sources */,
				5E5A0A2C2C612E4D00DC642C /* SettingsView.swift in Sources */,
				5E79322B2C6627FF006E90B5 /* WalkModel.swift in Sources */,
				5EE584AB2C6112B400606C93 /* My_WalksApp.swift in Sources */,
				5EEBEB872C679928005DAA73 /* WalkRowView.swift in Sources */,
				5E5A0A2A2C61281600DC642C /* ControlPanelView.swift in Sources */,
				5E37E0A42C67C3F00069554F /* SaveWalkFormView.swift in Sources */,
				5E7932292C661FD2006E90B5 /* SaveWalkView.swift in Sources */,
				5E5A0A242C61131800DC642C /* MainScreenView.swift in Sources */,
				5EEBEB8B2C67A31A005DAA73 /* WalkDetailsView.swift in Sources */,
				5E5A0A282C6115FF00DC642C /* LocationManager.swift in Sources */,
				5EEBEB892C67A16E005DAA73 /* WalkListView.swift in Sources */,
			);
			runOnlyForDeploymentPostprocessing = 0;
		};
/* End PBXSourcesBuildPhase section */

/* Begin XCBuildConfiguration section */
		5EE584B52C6112B600606C93 /* Debug */ = {
			isa = XCBuildConfiguration;
			buildSettings = {
				ALWAYS_SEARCH_USER_PATHS = NO;
				ASSETCATALOG_COMPILER_GENERATE_SWIFT_ASSET_SYMBOL_EXTENSIONS = YES;
				CLANG_ANALYZER_NONNULL = YES;
				CLANG_ANALYZER_NUMBER_OBJECT_CONVERSION = YES_AGGRESSIVE;
				CLANG_CXX_LANGUAGE_STANDARD = "gnu++20";
				CLANG_ENABLE_MODULES = YES;
				CLANG_ENABLE_OBJC_ARC = YES;
				CLANG_ENABLE_OBJC_WEAK = YES;
				CLANG_WARN_BLOCK_CAPTURE_AUTORELEASING = YES;
				CLANG_WARN_BOOL_CONVERSION = YES;
				CLANG_WARN_COMMA = YES;
				CLANG_WARN_CONSTANT_CONVERSION = YES;
				CLANG_WARN_DEPRECATED_OBJC_IMPLEMENTATIONS = YES;
				CLANG_WARN_DIRECT_OBJC_ISA_USAGE = YES_ERROR;
				CLANG_WARN_DOCUMENTATION_COMMENTS = YES;
				CLANG_WARN_EMPTY_BODY = YES;
				CLANG_WARN_ENUM_CONVERSION = YES;
				CLANG_WARN_INFINITE_RECURSION = YES;
				CLANG_WARN_INT_CONVERSION = YES;
				CLANG_WARN_NON_LITERAL_NULL_CONVERSION = YES;
				CLANG_WARN_OBJC_IMPLICIT_RETAIN_SELF = YES;
				CLANG_WARN_OBJC_LITERAL_CONVERSION = YES;
				CLANG_WARN_OBJC_ROOT_CLASS = YES_ERROR;
				CLANG_WARN_QUOTED_INCLUDE_IN_FRAMEWORK_HEADER = YES;
				CLANG_WARN_RANGE_LOOP_ANALYSIS = YES;
				CLANG_WARN_STRICT_PROTOTYPES = YES;
				CLANG_WARN_SUSPICIOUS_MOVE = YES;
				CLANG_WARN_UNGUARDED_AVAILABILITY = YES_AGGRESSIVE;
				CLANG_WARN_UNREACHABLE_CODE = YES;
				CLANG_WARN__DUPLICATE_METHOD_MATCH = YES;
				COPY_PHASE_STRIP = NO;
				DEBUG_INFORMATION_FORMAT = dwarf;
				ENABLE_STRICT_OBJC_MSGSEND = YES;
				ENABLE_TESTABILITY = YES;
				ENABLE_USER_SCRIPT_SANDBOXING = YES;
				GCC_C_LANGUAGE_STANDARD = gnu17;
				GCC_DYNAMIC_NO_PIC = NO;
				GCC_NO_COMMON_BLOCKS = YES;
				GCC_OPTIMIZATION_LEVEL = 0;
				GCC_PREPROCESSOR_DEFINITIONS = (
					"DEBUG=1",
					"$(inherited)",
				);
				GCC_WARN_64_TO_32_BIT_CONVERSION = YES;
				GCC_WARN_ABOUT_RETURN_TYPE = YES_ERROR;
				GCC_WARN_UNDECLARED_SELECTOR = YES;
				GCC_WARN_UNINITIALIZED_AUTOS = YES_AGGRESSIVE;
				GCC_WARN_UNUSED_FUNCTION = YES;
				GCC_WARN_UNUSED_VARIABLE = YES;
				IPHONEOS_DEPLOYMENT_TARGET = 17.5;
				LOCALIZATION_PREFERS_STRING_CATALOGS = YES;
				MTL_ENABLE_DEBUG_INFO = INCLUDE_SOURCE;
				MTL_FAST_MATH = YES;
				ONLY_ACTIVE_ARCH = YES;
				SDKROOT = iphoneos;
				SWIFT_ACTIVE_COMPILATION_CONDITIONS = "DEBUG $(inherited)";
				SWIFT_OPTIMIZATION_LEVEL = "-Onone";
			};
			name = Debug;
		};
		5EE584B62C6112B600606C93 /* Release */ = {
			isa = XCBuildConfiguration;
			buildSettings = {
				ALWAYS_SEARCH_USER_PATHS = NO;
				ASSETCATALOG_COMPILER_GENERATE_SWIFT_ASSET_SYMBOL_EXTENSIONS = YES;
				CLANG_ANALYZER_NONNULL = YES;
				CLANG_ANALYZER_NUMBER_OBJECT_CONVERSION = YES_AGGRESSIVE;
				CLANG_CXX_LANGUAGE_STANDARD = "gnu++20";
				CLANG_ENABLE_MODULES = YES;
				CLANG_ENABLE_OBJC_ARC = YES;
				CLANG_ENABLE_OBJC_WEAK = YES;
				CLANG_WARN_BLOCK_CAPTURE_AUTORELEASING = YES;
				CLANG_WARN_BOOL_CONVERSION = YES;
				CLANG_WARN_COMMA = YES;
				CLANG_WARN_CONSTANT_CONVERSION = YES;
				CLANG_WARN_DEPRECATED_OBJC_IMPLEMENTATIONS = YES;
				CLANG_WARN_DIRECT_OBJC_ISA_USAGE = YES_ERROR;
				CLANG_WARN_DOCUMENTATION_COMMENTS = YES;
				CLANG_WARN_EMPTY_BODY = YES;
				CLANG_WARN_ENUM_CONVERSION = YES;
				CLANG_WARN_INFINITE_RECURSION = YES;
				CLANG_WARN_INT_CONVERSION = YES;
				CLANG_WARN_NON_LITERAL_NULL_CONVERSION = YES;
				CLANG_WARN_OBJC_IMPLICIT_RETAIN_SELF = YES;
				CLANG_WARN_OBJC_LITERAL_CONVERSION = YES;
				CLANG_WARN_OBJC_ROOT_CLASS = YES_ERROR;
				CLANG_WARN_QUOTED_INCLUDE_IN_FRAMEWORK_HEADER = YES;
				CLANG_WARN_RANGE_LOOP_ANALYSIS = YES;
				CLANG_WARN_STRICT_PROTOTYPES = YES;
				CLANG_WARN_SUSPICIOUS_MOVE = YES;
				CLANG_WARN_UNGUARDED_AVAILABILITY = YES_AGGRESSIVE;
				CLANG_WARN_UNREACHABLE_CODE = YES;
				CLANG_WARN__DUPLICATE_METHOD_MATCH = YES;
				COPY_PHASE_STRIP = NO;
				DEBUG_INFORMATION_FORMAT = "dwarf-with-dsym";
				ENABLE_NS_ASSERTIONS = NO;
				ENABLE_STRICT_OBJC_MSGSEND = YES;
				ENABLE_USER_SCRIPT_SANDBOXING = YES;
				GCC_C_LANGUAGE_STANDARD = gnu17;
				GCC_NO_COMMON_BLOCKS = YES;
				GCC_WARN_64_TO_32_BIT_CONVERSION = YES;
				GCC_WARN_ABOUT_RETURN_TYPE = YES_ERROR;
				GCC_WARN_UNDECLARED_SELECTOR = YES;
				GCC_WARN_UNINITIALIZED_AUTOS = YES_AGGRESSIVE;
				GCC_WARN_UNUSED_FUNCTION = YES;
				GCC_WARN_UNUSED_VARIABLE = YES;
				IPHONEOS_DEPLOYMENT_TARGET = 17.5;
				LOCALIZATION_PREFERS_STRING_CATALOGS = YES;
				MTL_ENABLE_DEBUG_INFO = NO;
				MTL_FAST_MATH = YES;
				SDKROOT = iphoneos;
				SWIFT_COMPILATION_MODE = wholemodule;
				VALIDATE_PRODUCT = YES;
			};
			name = Release;
		};
		5EE584B82C6112B600606C93 /* Debug */ = {
			isa = XCBuildConfiguration;
			buildSettings = {
				ASSETCATALOG_COMPILER_APPICON_NAME = AppIcon;
				ASSETCATALOG_COMPILER_GLOBAL_ACCENT_COLOR_NAME = AccentColor;
				CODE_SIGN_STYLE = Automatic;
				CURRENT_PROJECT_VERSION = 1;
				DEVELOPMENT_ASSET_PATHS = "\"My Walks/Preview Content\"";
				DEVELOPMENT_TEAM = BDHB667Z99;
				ENABLE_PREVIEWS = YES;
				GENERATE_INFOPLIST_FILE = YES;
				INFOPLIST_FILE = "My-Walks-Info.plist";
				INFOPLIST_KEY_NSLocationAlwaysAndWhenInUseUsageDescription = "Need to know your location";
				INFOPLIST_KEY_NSLocationWhenInUseUsageDescription = "Need to know your location";
				INFOPLIST_KEY_UIApplicationSceneManifest_Generation = YES;
				INFOPLIST_KEY_UIApplicationSupportsIndirectInputEvents = YES;
				INFOPLIST_KEY_UILaunchScreen_Generation = YES;
				INFOPLIST_KEY_UISupportedInterfaceOrientations_iPad = "UIInterfaceOrientationPortrait UIInterfaceOrientationPortraitUpsideDown UIInterfaceOrientationLandscapeLeft UIInterfaceOrientationLandscapeRight";
				INFOPLIST_KEY_UISupportedInterfaceOrientations_iPhone = "UIInterfaceOrientationPortrait UIInterfaceOrientationLandscapeLeft UIInterfaceOrientationLandscapeRight";
				LD_RUNPATH_SEARCH_PATHS = (
					"$(inherited)",
					"@executable_path/Frameworks",
				);
				MARKETING_VERSION = 1.0;
				PRODUCT_BUNDLE_IDENTIFIER = "Vladislav.My-Walks";
				PRODUCT_NAME = "$(TARGET_NAME)";
				SWIFT_EMIT_LOC_STRINGS = YES;
				SWIFT_VERSION = 5.0;
				TARGETED_DEVICE_FAMILY = "1,2";
			};
			name = Debug;
		};
		5EE584B92C6112B600606C93 /* Release */ = {
			isa = XCBuildConfiguration;
			buildSettings = {
				ASSETCATALOG_COMPILER_APPICON_NAME = AppIcon;
				ASSETCATALOG_COMPILER_GLOBAL_ACCENT_COLOR_NAME = AccentColor;
				CODE_SIGN_STYLE = Automatic;
				CURRENT_PROJECT_VERSION = 1;
				DEVELOPMENT_ASSET_PATHS = "\"My Walks/Preview Content\"";
				DEVELOPMENT_TEAM = BDHB667Z99;
				ENABLE_PREVIEWS = YES;
				GENERATE_INFOPLIST_FILE = YES;
				INFOPLIST_FILE = "My-Walks-Info.plist";
				INFOPLIST_KEY_NSLocationAlwaysAndWhenInUseUsageDescription = "Need to know your location";
				INFOPLIST_KEY_NSLocationWhenInUseUsageDescription = "Need to know your location";
				INFOPLIST_KEY_UIApplicationSceneManifest_Generation = YES;
				INFOPLIST_KEY_UIApplicationSupportsIndirectInputEvents = YES;
				INFOPLIST_KEY_UILaunchScreen_Generation = YES;
				INFOPLIST_KEY_UISupportedInterfaceOrientations_iPad = "UIInterfaceOrientationPortrait UIInterfaceOrientationPortraitUpsideDown UIInterfaceOrientationLandscapeLeft UIInterfaceOrientationLandscapeRight";
				INFOPLIST_KEY_UISupportedInterfaceOrientations_iPhone = "UIInterfaceOrientationPortrait UIInterfaceOrientationLandscapeLeft UIInterfaceOrientationLandscapeRight";
				LD_RUNPATH_SEARCH_PATHS = (
					"$(inherited)",
					"@executable_path/Frameworks",
				);
				MARKETING_VERSION = 1.0;
				PRODUCT_BUNDLE_IDENTIFIER = "Vladislav.My-Walks";
				PRODUCT_NAME = "$(TARGET_NAME)";
				SWIFT_EMIT_LOC_STRINGS = YES;
				SWIFT_VERSION = 5.0;
				TARGETED_DEVICE_FAMILY = "1,2";
			};
			name = Release;
		};
/* End XCBuildConfiguration section */

/* Begin XCConfigurationList section */
		5EE584A22C6112B400606C93 /* Build configuration list for PBXProject "My Walks" */ = {
			isa = XCConfigurationList;
			buildConfigurations = (
				5EE584B52C6112B600606C93 /* Debug */,
				5EE584B62C6112B600606C93 /* Release */,
			);
			defaultConfigurationIsVisible = 0;
			defaultConfigurationName = Release;
		};
		5EE584B72C6112B600606C93 /* Build configuration list for PBXNativeTarget "My Walks" */ = {
			isa = XCConfigurationList;
			buildConfigurations = (
				5EE584B82C6112B600606C93 /* Debug */,
				5EE584B92C6112B600606C93 /* Release */,
			);
			defaultConfigurationIsVisible = 0;
			defaultConfigurationName = Release;
		};
/* End XCConfigurationList section */
	};
	rootObject = 5EE5849F2C6112B400606C93 /* Project object */;
}
